
Microsoft Visual Studio Solution File, Format Version 12.00
# Visual Studio 15
VisualStudioVersion = 15.0.27130.2020
MinimumVisualStudioVersion = 10.0.40219.1
Project("{FAE04EC0-301F-11D3-BF4B-00C04F79EFBC}") = "InfiniteAsyncSourceEFSample", "InfiniteAsyncSourceEFSample.csproj", "{AB7E92C4-F313-410A-89C0-DE01967249FA}"
EndProject
Global
	GlobalSection(SolutionConfigurationPlatforms) = preSolution
		Debug|Any CPU = Debug|Any CPU
		Release|Any CPU = Release|Any CPU
	EndGlobalSection
	GlobalSection(ProjectConfigurationPlatforms) = postSolution
		{AB7E92C4-F313-410A-89C0-DE01967249FA}.Debug|Any CPU.ActiveCfg = Debug|Any CPU
		{AB7E92C4-F313-410A-89C0-DE01967249FA}.Debug|Any CPU.Build.0 = Debug|Any CPU
		{AB7E92C4-F313-410A-89C0-DE01967249FA}.Release|Any CPU.ActiveCfg = Release|Any CPU
		{AB7E92C4-F313-410A-89C0-DE01967249FA}.Release|Any CPU.Build.0 = Release|Any CPU
	EndGlobalSection
	GlobalSection(SolutionProperties) = preSolution
		HideSolutionNode = FALSE
	EndGlobalSection
	GlobalSection(ExtensibilityGlobals) = postSolution
		SolutionGuid = {270D1DEE-A2D5-44F2-8F69-98CDD898229D}
	EndGlobalSection
EndGlobal
